
Microsoft Visual Studio Solution File, Format Version 12.00
# Visual Studio Version 17
VisualStudioVersion = 17.7.34202.233
MinimumVisualStudioVersion = 10.0.40219.1
Project("{FAE04EC0-301F-11D3-BF4B-00C04F79EFBC}") = "Project4", "Project4\Project4.csproj", "{55758B1E-184B-4E82-AF7A-4B1543066C45}"
EndProject
Global
	GlobalSection(SolutionConfigurationPlatforms) = preSolution
		Debug|Any CPU = Debug|Any CPU
		Release|Any CPU = Release|Any CPU
	EndGlobalSection
	GlobalSection(ProjectConfigurationPlatforms) = postSolution
		{55758B1E-184B-4E82-AF7A-4B1543066C45}.Debug|Any CPU.ActiveCfg = Debug|Any CPU
		{55758B1E-184B-4E82-AF7A-4B1543066C45}.Debug|Any CPU.Build.0 = Debug|Any CPU
		{55758B1E-184B-4E82-AF7A-4B1543066C45}.Release|Any CPU.ActiveCfg = Release|Any CPU
		{55758B1E-184B-4E82-AF7A-4B1543066C45}.Release|Any CPU.Build.0 = Release|Any CPU
	EndGlobalSection
	GlobalSection(SolutionProperties) = preSolution
		HideSolutionNode = FALSE
	EndGlobalSection
	GlobalSection(ExtensibilityGlobals) = postSolution
		SolutionGuid = {F3F86660-641A-49D9-8E8C-A3CB0832FA4E}
	EndGlobalSection
EndGlobal
