
Microsoft Visual Studio Solution File, Format Version 12.00
# Visual Studio Version 17
VisualStudioVersion = 17.7.34202.233
MinimumVisualStudioVersion = 10.0.40219.1
Project("{FAE04EC0-301F-11D3-BF4B-00C04F79EFBC}") = "TextBox Clear", "TextBox Clear\TextBox Clear.csproj", "{684E5E25-E5D1-4111-ACE5-E1D93A90DE37}"
EndProject
Global
	GlobalSection(SolutionConfigurationPlatforms) = preSolution
		Debug|Any CPU = Debug|Any CPU
		Release|Any CPU = Release|Any CPU
	EndGlobalSection
	GlobalSection(ProjectConfigurationPlatforms) = postSolution
		{684E5E25-E5D1-4111-ACE5-E1D93A90DE37}.Debug|Any CPU.ActiveCfg = Debug|Any CPU
		{684E5E25-E5D1-4111-ACE5-E1D93A90DE37}.Debug|Any CPU.Build.0 = Debug|Any CPU
		{684E5E25-E5D1-4111-ACE5-E1D93A90DE37}.Release|Any CPU.ActiveCfg = Release|Any CPU
		{684E5E25-E5D1-4111-ACE5-E1D93A90DE37}.Release|Any CPU.Build.0 = Release|Any CPU
	EndGlobalSection
	GlobalSection(SolutionProperties) = preSolution
		HideSolutionNode = FALSE
	EndGlobalSection
	GlobalSection(ExtensibilityGlobals) = postSolution
		SolutionGuid = {0B950AE5-D6D3-4CCD-9FB6-404919F7F46B}
	EndGlobalSection
EndGlobal
