
Microsoft Visual Studio Solution File, Format Version 12.00
# Visual Studio Version 17
VisualStudioVersion = 17.7.34202.233
MinimumVisualStudioVersion = 10.0.40219.1
Project("{FAE04EC0-301F-11D3-BF4B-00C04F79EFBC}") = "List to Months", "List to Months\List to Months.csproj", "{999CBFE4-4738-47EB-ADF7-03A1A6FEA8EB}"
EndProject
Global
	GlobalSection(SolutionConfigurationPlatforms) = preSolution
		Debug|Any CPU = Debug|Any CPU
		Release|Any CPU = Release|Any CPU
	EndGlobalSection
	GlobalSection(ProjectConfigurationPlatforms) = postSolution
		{999CBFE4-4738-47EB-ADF7-03A1A6FEA8EB}.Debug|Any CPU.ActiveCfg = Debug|Any CPU
		{999CBFE4-4738-47EB-ADF7-03A1A6FEA8EB}.Debug|Any CPU.Build.0 = Debug|Any CPU
		{999CBFE4-4738-47EB-ADF7-03A1A6FEA8EB}.Release|Any CPU.ActiveCfg = Release|Any CPU
		{999CBFE4-4738-47EB-ADF7-03A1A6FEA8EB}.Release|Any CPU.Build.0 = Release|Any CPU
	EndGlobalSection
	GlobalSection(SolutionProperties) = preSolution
		HideSolutionNode = FALSE
	EndGlobalSection
	GlobalSection(ExtensibilityGlobals) = postSolution
		SolutionGuid = {7FE71F8A-5267-4063-A51D-3B20F4CA3D2D}
	EndGlobalSection
EndGlobal
